
Microsoft Visual Studio Solution File, Format Version 12.00
# Visual Studio Version 16
VisualStudioVersion = 25.0.1706.3
MinimumVisualStudioVersion = 10.0.40219.1
Project("{FAE04EC0-301F-11D3-BF4B-00C04F79EFBC}") = "strategy pattern", "strategy pattern\strategy pattern.csproj", "{CC348807-0514-494D-8890-0F88CDA99755}"
EndProject
Global
	GlobalSection(SolutionConfigurationPlatforms) = preSolution
		Debug|Any CPU = Debug|Any CPU
		Release|Any CPU = Release|Any CPU
	EndGlobalSection
	GlobalSection(ProjectConfigurationPlatforms) = postSolution
		{CC348807-0514-494D-8890-0F88CDA99755}.Debug|Any CPU.ActiveCfg = Debug|Any CPU
		{CC348807-0514-494D-8890-0F88CDA99755}.Debug|Any CPU.Build.0 = Debug|Any CPU
		{CC348807-0514-494D-8890-0F88CDA99755}.Release|Any CPU.ActiveCfg = Release|Any CPU
		{CC348807-0514-494D-8890-0F88CDA99755}.Release|Any CPU.Build.0 = Release|Any CPU
	EndGlobalSection
	GlobalSection(SolutionProperties) = preSolution
		HideSolutionNode = FALSE
	EndGlobalSection
	GlobalSection(ExtensibilityGlobals) = postSolution
		SolutionGuid = {CB86A5AD-5347-41BD-93A2-B8807E85F7CA}
	EndGlobalSection
EndGlobal
